
Microsoft Visual Studio Solution File, Format Version 12.00
# Visual Studio Version 17
VisualStudioVersion = 17.0.32126.317
MinimumVisualStudioVersion = 10.0.40219.1
Project("{FAE04EC0-301F-11D3-BF4B-00C04F79EFBC}") = "LabOriginal2", "LabOriginal2.csproj", "{C943EC61-E69C-4E41-874C-D5295972A781}"
EndProject
Global
	GlobalSection(SolutionConfigurationPlatforms) = preSolution
		Debug|Any CPU = Debug|Any CPU
		Release|Any CPU = Release|Any CPU
	EndGlobalSection
	GlobalSection(ProjectConfigurationPlatforms) = postSolution
		{C943EC61-E69C-4E41-874C-D5295972A781}.Debug|Any CPU.ActiveCfg = Debug|Any CPU
		{C943EC61-E69C-4E41-874C-D5295972A781}.Debug|Any CPU.Build.0 = Debug|Any CPU
		{C943EC61-E69C-4E41-874C-D5295972A781}.Release|Any CPU.ActiveCfg = Release|Any CPU
		{C943EC61-E69C-4E41-874C-D5295972A781}.Release|Any CPU.Build.0 = Release|Any CPU
	EndGlobalSection
	GlobalSection(SolutionProperties) = preSolution
		HideSolutionNode = FALSE
	EndGlobalSection
	GlobalSection(ExtensibilityGlobals) = postSolution
		SolutionGuid = {0E066A55-6B3D-41D3-98DC-6E5E481154CE}
	EndGlobalSection
EndGlobal
